
Microsoft Visual Studio Solution File, Format Version 12.00
# Visual Studio Version 16
VisualStudioVersion = 16.0.31129.286
MinimumVisualStudioVersion = 10.0.40219.1
Project("{FAE04EC0-301F-11D3-BF4B-00C04F79EFBC}") = "CadastroSeries", "CadastroSeries\CadastroSeries.csproj", "{563B473F-77B6-47BA-AFAF-0A9F5035D1EE}"
EndProject
Global
	GlobalSection(SolutionConfigurationPlatforms) = preSolution
		Debug|Any CPU = Debug|Any CPU
		Release|Any CPU = Release|Any CPU
	EndGlobalSection
	GlobalSection(ProjectConfigurationPlatforms) = postSolution
		{563B473F-77B6-47BA-AFAF-0A9F5035D1EE}.Debug|Any CPU.ActiveCfg = Debug|Any CPU
		{563B473F-77B6-47BA-AFAF-0A9F5035D1EE}.Debug|Any CPU.Build.0 = Debug|Any CPU
		{563B473F-77B6-47BA-AFAF-0A9F5035D1EE}.Release|Any CPU.ActiveCfg = Release|Any CPU
		{563B473F-77B6-47BA-AFAF-0A9F5035D1EE}.Release|Any CPU.Build.0 = Release|Any CPU
	EndGlobalSection
	GlobalSection(SolutionProperties) = preSolution
		HideSolutionNode = FALSE
	EndGlobalSection
	GlobalSection(ExtensibilityGlobals) = postSolution
		SolutionGuid = {62D533CF-74C3-4422-B11F-175C9267EB26}
	EndGlobalSection
EndGlobal
